# THIS IS AN AUTOGENERATED FILE. DO NOT EDIT THIS FILE DIRECTLY.
# yarn lockfile v1


n-readlines@^1.0.0:
  version "1.0.0"
  resolved "https://registry.yarnpkg.com/n-readlines/-/n-readlines-1.0.0.tgz#c353797f216c253fdfef7e91da4e8b17c29a91a6"
  integrity sha512-ISDqGcspVu6U3VKqtJZG1uR55SmNNF9uK0EMq1IvNVVZOui6MW6VR0+pIZhqz85ORAGp+4zW+5fJ/SE7bwEibA==
